
Microsoft Visual Studio Solution File, Format Version 12.00
# Visual Studio Version 16
VisualStudioVersion = 16.0.32002.261
MinimumVisualStudioVersion = 10.0.40219.1
Project("{FAE04EC0-301F-11D3-BF4B-00C04F79EFBC}") = "Cafe", "Cafe\Cafe.csproj", "{8FE65F16-6DD6-418A-BC70-4D2800A8E710}"
EndProject
Project("{FAE04EC0-301F-11D3-BF4B-00C04F79EFBC}") = "CafeLibrary", "CafeLibrary\CafeLibrary.csproj", "{A31FEC86-9414-438E-9E9D-0C10045242EA}"
EndProject
Global
	GlobalSection(SolutionConfigurationPlatforms) = preSolution
		Debug|Any CPU = Debug|Any CPU
		Release|Any CPU = Release|Any CPU
	EndGlobalSection
	GlobalSection(ProjectConfigurationPlatforms) = postSolution
		{8FE65F16-6DD6-418A-BC70-4D2800A8E710}.Debug|Any CPU.ActiveCfg = Debug|Any CPU
		{8FE65F16-6DD6-418A-BC70-4D2800A8E710}.Debug|Any CPU.Build.0 = Debug|Any CPU
		{8FE65F16-6DD6-418A-BC70-4D2800A8E710}.Release|Any CPU.ActiveCfg = Release|Any CPU
		{8FE65F16-6DD6-418A-BC70-4D2800A8E710}.Release|Any CPU.Build.0 = Release|Any CPU
		{A31FEC86-9414-438E-9E9D-0C10045242EA}.Debug|Any CPU.ActiveCfg = Debug|Any CPU
		{A31FEC86-9414-438E-9E9D-0C10045242EA}.Debug|Any CPU.Build.0 = Debug|Any CPU
		{A31FEC86-9414-438E-9E9D-0C10045242EA}.Release|Any CPU.ActiveCfg = Release|Any CPU
		{A31FEC86-9414-438E-9E9D-0C10045242EA}.Release|Any CPU.Build.0 = Release|Any CPU
	EndGlobalSection
	GlobalSection(SolutionProperties) = preSolution
		HideSolutionNode = FALSE
	EndGlobalSection
	GlobalSection(ExtensibilityGlobals) = postSolution
		SolutionGuid = {723C1F45-B743-4D2C-8E7F-8F65C54FD7C3}
	EndGlobalSection
EndGlobal
